
Microsoft Visual Studio Solution File, Format Version 12.00
# Visual Studio Version 16
VisualStudioVersion = 16.0.32002.261
MinimumVisualStudioVersion = 10.0.40219.1
Project("{FAE04EC0-301F-11D3-BF4B-00C04F79EFBC}") = "Lista1", "Lista1.csproj", "{5771D3D7-69C0-4F74-9683-3D1BD1CF0655}"
EndProject
Global
	GlobalSection(SolutionConfigurationPlatforms) = preSolution
		Debug|Any CPU = Debug|Any CPU
		Release|Any CPU = Release|Any CPU
	EndGlobalSection
	GlobalSection(ProjectConfigurationPlatforms) = postSolution
		{5771D3D7-69C0-4F74-9683-3D1BD1CF0655}.Debug|Any CPU.ActiveCfg = Debug|Any CPU
		{5771D3D7-69C0-4F74-9683-3D1BD1CF0655}.Debug|Any CPU.Build.0 = Debug|Any CPU
		{5771D3D7-69C0-4F74-9683-3D1BD1CF0655}.Release|Any CPU.ActiveCfg = Release|Any CPU
		{5771D3D7-69C0-4F74-9683-3D1BD1CF0655}.Release|Any CPU.Build.0 = Release|Any CPU
	EndGlobalSection
	GlobalSection(SolutionProperties) = preSolution
		HideSolutionNode = FALSE
	EndGlobalSection
	GlobalSection(ExtensibilityGlobals) = postSolution
		SolutionGuid = {3C4EC571-16CD-4969-AFE4-4A653BDBF9F2}
	EndGlobalSection
EndGlobal
