
Microsoft Visual Studio Solution File, Format Version 12.00
# Visual Studio Version 16
VisualStudioVersion = 16.0.32002.261
MinimumVisualStudioVersion = 10.0.40219.1
Project("{FAE04EC0-301F-11D3-BF4B-00C04F79EFBC}") = "TrabalhoGabrielAlvesFinal", "TrabalhoGabrielAlvesFinal.csproj", "{23D925E8-01C7-48BB-BE02-273B06017C10}"
EndProject
Global
	GlobalSection(SolutionConfigurationPlatforms) = preSolution
		Debug|Any CPU = Debug|Any CPU
		Release|Any CPU = Release|Any CPU
	EndGlobalSection
	GlobalSection(ProjectConfigurationPlatforms) = postSolution
		{23D925E8-01C7-48BB-BE02-273B06017C10}.Debug|Any CPU.ActiveCfg = Debug|Any CPU
		{23D925E8-01C7-48BB-BE02-273B06017C10}.Debug|Any CPU.Build.0 = Debug|Any CPU
		{23D925E8-01C7-48BB-BE02-273B06017C10}.Release|Any CPU.ActiveCfg = Release|Any CPU
		{23D925E8-01C7-48BB-BE02-273B06017C10}.Release|Any CPU.Build.0 = Release|Any CPU
	EndGlobalSection
	GlobalSection(SolutionProperties) = preSolution
		HideSolutionNode = FALSE
	EndGlobalSection
	GlobalSection(ExtensibilityGlobals) = postSolution
		SolutionGuid = {D10B4DF2-5FB6-417B-9696-CE1822E1909C}
	EndGlobalSection
EndGlobal
